
Microsoft Visual Studio Solution File, Format Version 12.00
# Visual Studio Version 17
VisualStudioVersion = 17.0.31903.59
MinimumVisualStudioVersion = 10.0.40219.1
Project("{2150E333-8FDC-42A3-9474-1A3956D46DE8}") = "apps", "apps", "{1787FE1D-075E-9E68-7218-25F1BD1BBEAB}"
EndProject
Project("{2150E333-8FDC-42A3-9474-1A3956D46DE8}") = "service-entry", "service-entry", "{0958F6DB-E6EB-4FED-577F-73CBB45A56DF}"
EndProject
Project("{FAE04EC0-301F-11D3-BF4B-00C04F79EFBC}") = "Service.Entry", "apps\service-entry\Service.Entry.csproj", "{A79081F2-2FB5-4C6F-8337-067E70914E3E}"
EndProject
Project("{2150E333-8FDC-42A3-9474-1A3956D46DE8}") = "service-middle", "service-middle", "{93FC7AC8-0192-5456-BBCC-B9409305C767}"
EndProject
Project("{FAE04EC0-301F-11D3-BF4B-00C04F79EFBC}") = "Service.Middle", "apps\service-middle\Service.Middle.csproj", "{4C0B8088-6BEB-4AF3-995A-63CC2479BD0D}"
EndProject
Project("{2150E333-8FDC-42A3-9474-1A3956D46DE8}") = "service-leaf", "service-leaf", "{64683DC4-2B98-6AB9-9983-37EFAEE07C01}"
EndProject
Project("{FAE04EC0-301F-11D3-BF4B-00C04F79EFBC}") = "Service.Leaf", "apps\service-leaf\Service.Leaf.csproj", "{0877059D-387B-4E50-9FFD-5D461FC33666}"
EndProject
Project("{2150E333-8FDC-42A3-9474-1A3956D46DE8}") = "benchmark-runner", "benchmark-runner", "{21FB8DF7-E28D-6190-E9E3-6644081AE9D9}"
EndProject
Project("{FAE04EC0-301F-11D3-BF4B-00C04F79EFBC}") = "Benchmark.Runner", "apps\benchmark-runner\Benchmark.Runner.csproj", "{06723A8E-1531-4F62-89D1-D1E285ECABD0}"
EndProject
Project("{2150E333-8FDC-42A3-9474-1A3956D46DE8}") = "tests", "tests", "{0AB3BF05-4346-4AA6-1389-037BE0695223}"
EndProject
Project("{2150E333-8FDC-42A3-9474-1A3956D46DE8}") = "contract", "contract", "{53506FF3-1087-91DB-5731-19A6F3C92276}"
EndProject
Project("{FAE04EC0-301F-11D3-BF4B-00C04F79EFBC}") = "Benchmark.ContractTests", "tests\contract\Benchmark.ContractTests.csproj", "{08CCB70D-2FFC-40B8-8977-933AC95ADD1E}"
EndProject
Project("{2150E333-8FDC-42A3-9474-1A3956D46DE8}") = "integration", "integration", "{28A6993C-471E-82FE-7D9E-AD3B1EC22BD9}"
EndProject
Project("{FAE04EC0-301F-11D3-BF4B-00C04F79EFBC}") = "Benchmark.IntegrationTests", "tests\integration\Benchmark.IntegrationTests.csproj", "{210E647A-54CB-4524-9DFC-A69793B22BDC}"
EndProject
Project("{2150E333-8FDC-42A3-9474-1A3956D46DE8}") = "unit", "unit", "{9D556B49-86D1-93A7-9596-FFAAB74EC556}"
EndProject
Project("{FAE04EC0-301F-11D3-BF4B-00C04F79EFBC}") = "Benchmark.UnitTests", "tests\unit\Benchmark.UnitTests.csproj", "{22E84749-F584-4C07-8238-B894BAE1CD10}"
EndProject
Global
	GlobalSection(SolutionConfigurationPlatforms) = preSolution
		Debug|Any CPU = Debug|Any CPU
		Debug|x64 = Debug|x64
		Debug|x86 = Debug|x86
		Release|Any CPU = Release|Any CPU
		Release|x64 = Release|x64
		Release|x86 = Release|x86
	EndGlobalSection
	GlobalSection(ProjectConfigurationPlatforms) = postSolution
		{A79081F2-2FB5-4C6F-8337-067E70914E3E}.Debug|Any CPU.ActiveCfg = Debug|Any CPU
		{A79081F2-2FB5-4C6F-8337-067E70914E3E}.Debug|Any CPU.Build.0 = Debug|Any CPU
		{A79081F2-2FB5-4C6F-8337-067E70914E3E}.Debug|x64.ActiveCfg = Debug|Any CPU
		{A79081F2-2FB5-4C6F-8337-067E70914E3E}.Debug|x64.Build.0 = Debug|Any CPU
		{A79081F2-2FB5-4C6F-8337-067E70914E3E}.Debug|x86.ActiveCfg = Debug|Any CPU
		{A79081F2-2FB5-4C6F-8337-067E70914E3E}.Debug|x86.Build.0 = Debug|Any CPU
		{A79081F2-2FB5-4C6F-8337-067E70914E3E}.Release|Any CPU.ActiveCfg = Release|Any CPU
		{A79081F2-2FB5-4C6F-8337-067E70914E3E}.Release|Any CPU.Build.0 = Release|Any CPU
		{A79081F2-2FB5-4C6F-8337-067E70914E3E}.Release|x64.ActiveCfg = Release|Any CPU
		{A79081F2-2FB5-4C6F-8337-067E70914E3E}.Release|x64.Build.0 = Release|Any CPU
		{A79081F2-2FB5-4C6F-8337-067E70914E3E}.Release|x86.ActiveCfg = Release|Any CPU
		{A79081F2-2FB5-4C6F-8337-067E70914E3E}.Release|x86.Build.0 = Release|Any CPU
		{4C0B8088-6BEB-4AF3-995A-63CC2479BD0D}.Debug|Any CPU.ActiveCfg = Debug|Any CPU
		{4C0B8088-6BEB-4AF3-995A-63CC2479BD0D}.Debug|Any CPU.Build.0 = Debug|Any CPU
		{4C0B8088-6BEB-4AF3-995A-63CC2479BD0D}.Debug|x64.ActiveCfg = Debug|Any CPU
		{4C0B8088-6BEB-4AF3-995A-63CC2479BD0D}.Debug|x64.Build.0 = Debug|Any CPU
		{4C0B8088-6BEB-4AF3-995A-63CC2479BD0D}.Debug|x86.ActiveCfg = Debug|Any CPU
		{4C0B8088-6BEB-4AF3-995A-63CC2479BD0D}.Debug|x86.Build.0 = Debug|Any CPU
		{4C0B8088-6BEB-4AF3-995A-63CC2479BD0D}.Release|Any CPU.ActiveCfg = Release|Any CPU
		{4C0B8088-6BEB-4AF3-995A-63CC2479BD0D}.Release|Any CPU.Build.0 = Release|Any CPU
		{4C0B8088-6BEB-4AF3-995A-63CC2479BD0D}.Release|x64.ActiveCfg = Release|Any CPU
		{4C0B8088-6BEB-4AF3-995A-63CC2479BD0D}.Release|x64.Build.0 = Release|Any CPU
		{4C0B8088-6BEB-4AF3-995A-63CC2479BD0D}.Release|x86.ActiveCfg = Release|Any CPU
		{4C0B8088-6BEB-4AF3-995A-63CC2479BD0D}.Release|x86.Build.0 = Release|Any CPU
		{0877059D-387B-4E50-9FFD-5D461FC33666}.Debug|Any CPU.ActiveCfg = Debug|Any CPU
		{0877059D-387B-4E50-9FFD-5D461FC33666}.Debug|Any CPU.Build.0 = Debug|Any CPU
		{0877059D-387B-4E50-9FFD-5D461FC33666}.Debug|x64.ActiveCfg = Debug|Any CPU
		{0877059D-387B-4E50-9FFD-5D461FC33666}.Debug|x64.Build.0 = Debug|Any CPU
		{0877059D-387B-4E50-9FFD-5D461FC33666}.Debug|x86.ActiveCfg = Debug|Any CPU
		{0877059D-387B-4E50-9FFD-5D461FC33666}.Debug|x86.Build.0 = Debug|Any CPU
		{0877059D-387B-4E50-9FFD-5D461FC33666}.Release|Any CPU.ActiveCfg = Release|Any CPU
		{0877059D-387B-4E50-9FFD-5D461FC33666}.Release|Any CPU.Build.0 = Release|Any CPU
		{0877059D-387B-4E50-9FFD-5D461FC33666}.Release|x64.ActiveCfg = Release|Any CPU
		{0877059D-387B-4E50-9FFD-5D461FC33666}.Release|x64.Build.0 = Release|Any CPU
		{0877059D-387B-4E50-9FFD-5D461FC33666}.Release|x86.ActiveCfg = Release|Any CPU
		{0877059D-387B-4E50-9FFD-5D461FC33666}.Release|x86.Build.0 = Release|Any CPU
		{06723A8E-1531-4F62-89D1-D1E285ECABD0}.Debug|Any CPU.ActiveCfg = Debug|Any CPU
		{06723A8E-1531-4F62-89D1-D1E285ECABD0}.Debug|Any CPU.Build.0 = Debug|Any CPU
		{06723A8E-1531-4F62-89D1-D1E285ECABD0}.Debug|x64.ActiveCfg = Debug|Any CPU
		{06723A8E-1531-4F62-89D1-D1E285ECABD0}.Debug|x64.Build.0 = Debug|Any CPU
		{06723A8E-1531-4F62-89D1-D1E285ECABD0}.Debug|x86.ActiveCfg = Debug|Any CPU
		{06723A8E-1531-4F62-89D1-D1E285ECABD0}.Debug|x86.Build.0 = Debug|Any CPU
		{06723A8E-1531-4F62-89D1-D1E285ECABD0}.Release|Any CPU.ActiveCfg = Release|Any CPU
		{06723A8E-1531-4F62-89D1-D1E285ECABD0}.Release|Any CPU.Build.0 = Release|Any CPU
		{06723A8E-1531-4F62-89D1-D1E285ECABD0}.Release|x64.ActiveCfg = Release|Any CPU
		{06723A8E-1531-4F62-89D1-D1E285ECABD0}.Release|x64.Build.0 = Release|Any CPU
		{06723A8E-1531-4F62-89D1-D1E285ECABD0}.Release|x86.ActiveCfg = Release|Any CPU
		{06723A8E-1531-4F62-89D1-D1E285ECABD0}.Release|x86.Build.0 = Release|Any CPU
		{08CCB70D-2FFC-40B8-8977-933AC95ADD1E}.Debug|Any CPU.ActiveCfg = Debug|Any CPU
		{08CCB70D-2FFC-40B8-8977-933AC95ADD1E}.Debug|Any CPU.Build.0 = Debug|Any CPU
		{08CCB70D-2FFC-40B8-8977-933AC95ADD1E}.Debug|x64.ActiveCfg = Debug|Any CPU
		{08CCB70D-2FFC-40B8-8977-933AC95ADD1E}.Debug|x64.Build.0 = Debug|Any CPU
		{08CCB70D-2FFC-40B8-8977-933AC95ADD1E}.Debug|x86.ActiveCfg = Debug|Any CPU
		{08CCB70D-2FFC-40B8-8977-933AC95ADD1E}.Debug|x86.Build.0 = Debug|Any CPU
		{08CCB70D-2FFC-40B8-8977-933AC95ADD1E}.Release|Any CPU.ActiveCfg = Release|Any CPU
		{08CCB70D-2FFC-40B8-8977-933AC95ADD1E}.Release|Any CPU.Build.0 = Release|Any CPU
		{08CCB70D-2FFC-40B8-8977-933AC95ADD1E}.Release|x64.ActiveCfg = Release|Any CPU
		{08CCB70D-2FFC-40B8-8977-933AC95ADD1E}.Release|x64.Build.0 = Release|Any CPU
		{08CCB70D-2FFC-40B8-8977-933AC95ADD1E}.Release|x86.ActiveCfg = Release|Any CPU
		{08CCB70D-2FFC-40B8-8977-933AC95ADD1E}.Release|x86.Build.0 = Release|Any CPU
		{210E647A-54CB-4524-9DFC-A69793B22BDC}.Debug|Any CPU.ActiveCfg = Debug|Any CPU
		{210E647A-54CB-4524-9DFC-A69793B22BDC}.Debug|Any CPU.Build.0 = Debug|Any CPU
		{210E647A-54CB-4524-9DFC-A69793B22BDC}.Debug|x64.ActiveCfg = Debug|Any CPU
		{210E647A-54CB-4524-9DFC-A69793B22BDC}.Debug|x64.Build.0 = Debug|Any CPU
		{210E647A-54CB-4524-9DFC-A69793B22BDC}.Debug|x86.ActiveCfg = Debug|Any CPU
		{210E647A-54CB-4524-9DFC-A69793B22BDC}.Debug|x86.Build.0 = Debug|Any CPU
		{210E647A-54CB-4524-9DFC-A69793B22BDC}.Release|Any CPU.ActiveCfg = Release|Any CPU
		{210E647A-54CB-4524-9DFC-A69793B22BDC}.Release|Any CPU.Build.0 = Release|Any CPU
		{210E647A-54CB-4524-9DFC-A69793B22BDC}.Release|x64.ActiveCfg = Release|Any CPU
		{210E647A-54CB-4524-9DFC-A69793B22BDC}.Release|x64.Build.0 = Release|Any CPU
		{210E647A-54CB-4524-9DFC-A69793B22BDC}.Release|x86.ActiveCfg = Release|Any CPU
		{210E647A-54CB-4524-9DFC-A69793B22BDC}.Release|x86.Build.0 = Release|Any CPU
		{22E84749-F584-4C07-8238-B894BAE1CD10}.Debug|Any CPU.ActiveCfg = Debug|Any CPU
		{22E84749-F584-4C07-8238-B894BAE1CD10}.Debug|Any CPU.Build.0 = Debug|Any CPU
		{22E84749-F584-4C07-8238-B894BAE1CD10}.Debug|x64.ActiveCfg = Debug|Any CPU
		{22E84749-F584-4C07-8238-B894BAE1CD10}.Debug|x64.Build.0 = Debug|Any CPU
		{22E84749-F584-4C07-8238-B894BAE1CD10}.Debug|x86.ActiveCfg = Debug|Any CPU
		{22E84749-F584-4C07-8238-B894BAE1CD10}.Debug|x86.Build.0 = Debug|Any CPU
		{22E84749-F584-4C07-8238-B894BAE1CD10}.Release|Any CPU.ActiveCfg = Release|Any CPU
		{22E84749-F584-4C07-8238-B894BAE1CD10}.Release|Any CPU.Build.0 = Release|Any CPU
		{22E84749-F584-4C07-8238-B894BAE1CD10}.Release|x64.ActiveCfg = Release|Any CPU
		{22E84749-F584-4C07-8238-B894BAE1CD10}.Release|x64.Build.0 = Release|Any CPU
		{22E84749-F584-4C07-8238-B894BAE1CD10}.Release|x86.ActiveCfg = Release|Any CPU
		{22E84749-F584-4C07-8238-B894BAE1CD10}.Release|x86.Build.0 = Release|Any CPU
	EndGlobalSection
	GlobalSection(SolutionProperties) = preSolution
		HideSolutionNode = FALSE
	EndGlobalSection
	GlobalSection(NestedProjects) = preSolution
		{0958F6DB-E6EB-4FED-577F-73CBB45A56DF} = {1787FE1D-075E-9E68-7218-25F1BD1BBEAB}
		{A79081F2-2FB5-4C6F-8337-067E70914E3E} = {0958F6DB-E6EB-4FED-577F-73CBB45A56DF}
		{93FC7AC8-0192-5456-BBCC-B9409305C767} = {1787FE1D-075E-9E68-7218-25F1BD1BBEAB}
		{4C0B8088-6BEB-4AF3-995A-63CC2479BD0D} = {93FC7AC8-0192-5456-BBCC-B9409305C767}
		{64683DC4-2B98-6AB9-9983-37EFAEE07C01} = {1787FE1D-075E-9E68-7218-25F1BD1BBEAB}
		{0877059D-387B-4E50-9FFD-5D461FC33666} = {64683DC4-2B98-6AB9-9983-37EFAEE07C01}
		{21FB8DF7-E28D-6190-E9E3-6644081AE9D9} = {1787FE1D-075E-9E68-7218-25F1BD1BBEAB}
		{06723A8E-1531-4F62-89D1-D1E285ECABD0} = {21FB8DF7-E28D-6190-E9E3-6644081AE9D9}
		{53506FF3-1087-91DB-5731-19A6F3C92276} = {0AB3BF05-4346-4AA6-1389-037BE0695223}
		{08CCB70D-2FFC-40B8-8977-933AC95ADD1E} = {53506FF3-1087-91DB-5731-19A6F3C92276}
		{28A6993C-471E-82FE-7D9E-AD3B1EC22BD9} = {0AB3BF05-4346-4AA6-1389-037BE0695223}
		{210E647A-54CB-4524-9DFC-A69793B22BDC} = {28A6993C-471E-82FE-7D9E-AD3B1EC22BD9}
		{9D556B49-86D1-93A7-9596-FFAAB74EC556} = {0AB3BF05-4346-4AA6-1389-037BE0695223}
		{22E84749-F584-4C07-8238-B894BAE1CD10} = {9D556B49-86D1-93A7-9596-FFAAB74EC556}
	EndGlobalSection
EndGlobal
